
Microsoft Visual Studio Solution File, Format Version 12.00
# Visual Studio 15
VisualStudioVersion = 15.0.28010.2036
MinimumVisualStudioVersion = 10.0.40219.1
Project("{FAE04EC0-301F-11D3-BF4B-00C04F79EFBC}") = "BO", "BO\BO.csproj", "{C485670E-B3C0-4968-915B-7C51BD921B98}"
EndProject
Global
	GlobalSection(SolutionConfigurationPlatforms) = preSolution
		Debug|Any CPU = Debug|Any CPU
		Release|Any CPU = Release|Any CPU
	EndGlobalSection
	GlobalSection(ProjectConfigurationPlatforms) = postSolution
		{C485670E-B3C0-4968-915B-7C51BD921B98}.Debug|Any CPU.ActiveCfg = Debug|Any CPU
		{C485670E-B3C0-4968-915B-7C51BD921B98}.Debug|Any CPU.Build.0 = Debug|Any CPU
		{C485670E-B3C0-4968-915B-7C51BD921B98}.Release|Any CPU.ActiveCfg = Release|Any CPU
		{C485670E-B3C0-4968-915B-7C51BD921B98}.Release|Any CPU.Build.0 = Release|Any CPU
	EndGlobalSection
	GlobalSection(SolutionProperties) = preSolution
		HideSolutionNode = FALSE
	EndGlobalSection
	GlobalSection(ExtensibilityGlobals) = postSolution
		SolutionGuid = {8BB0FB98-3106-46AF-BB10-76F861AFF993}
	EndGlobalSection
EndGlobal
